
Microsoft Visual Studio Solution File, Format Version 12.00
# Visual Studio Version 17
VisualStudioVersion = 17.5.002.0
MinimumVisualStudioVersion = 10.0.40219.1
Project("{9A19103F-16F7-4668-BE54-9A1E7A4F7556}") = "ConsoleApp1", "ConsoleApp1.csproj", "{1A25EF4E-31AA-4112-A35D-75E693EC7C0D}"
EndProject
Global
	GlobalSection(SolutionConfigurationPlatforms) = preSolution
		Debug|Any CPU = Debug|Any CPU
		Release|Any CPU = Release|Any CPU
	EndGlobalSection
	GlobalSection(ProjectConfigurationPlatforms) = postSolution
		{1A25EF4E-31AA-4112-A35D-75E693EC7C0D}.Debug|Any CPU.ActiveCfg = Debug|Any CPU
		{1A25EF4E-31AA-4112-A35D-75E693EC7C0D}.Debug|Any CPU.Build.0 = Debug|Any CPU
		{1A25EF4E-31AA-4112-A35D-75E693EC7C0D}.Release|Any CPU.ActiveCfg = Release|Any CPU
		{1A25EF4E-31AA-4112-A35D-75E693EC7C0D}.Release|Any CPU.Build.0 = Release|Any CPU
	EndGlobalSection
	GlobalSection(SolutionProperties) = preSolution
		HideSolutionNode = FALSE
	EndGlobalSection
	GlobalSection(ExtensibilityGlobals) = postSolution
		SolutionGuid = {FEC2F96A-38E0-49A2-9454-7EB92991D2B3}
	EndGlobalSection
EndGlobal
